
Microsoft Visual Studio Solution File, Format Version 12.00
# Visual Studio Version 16
VisualStudioVersion = 16.0.29409.12
MinimumVisualStudioVersion = 10.0.40219.1
Project("{2150E333-8FDC-42A3-9474-1A3956D46DE8}") = "Core", "Core", "{556FA7A2-0E49-47ED-8158-9EBB0E994203}"
EndProject
Project("{2150E333-8FDC-42A3-9474-1A3956D46DE8}") = "Infrastructure", "Infrastructure", "{01195548-7F4E-4AF8-B4C5-D9882C54DF7F}"
EndProject
Project("{2150E333-8FDC-42A3-9474-1A3956D46DE8}") = "Presentation", "Presentation", "{A2FCAD9F-DB4C-48FC-9C24-8A305BDA2310}"
EndProject
Project("{9A19103F-16F7-4668-BE54-9A1E7A4F7556}") = "OMX.Domain", "Core\OMX.Domain\OMX.Domain.csproj", "{F0C9D113-2C57-4839-857C-93AC8B9C4133}"
EndProject
Project("{9A19103F-16F7-4668-BE54-9A1E7A4F7556}") = "OMX.Application", "Core\OMX.Application\OMX.Application.csproj", "{647AC3A2-F03F-4A0C-BC56-37E4065CC585}"
EndProject
Project("{9A19103F-16F7-4668-BE54-9A1E7A4F7556}") = "OMX.Persistence", "Infrastructure\OMX.Persistence\OMX.Persistence.csproj", "{37C37702-7237-4BC1-B685-D275653520B1}"
EndProject
Project("{2150E333-8FDC-42A3-9474-1A3956D46DE8}") = "Common", "Common", "{82C55EA2-9DE9-447E-980E-3FC25B54B0BE}"
EndProject
Project("{9A19103F-16F7-4668-BE54-9A1E7A4F7556}") = "OMX.Common", "Common\OMX.Common\OMX.Common.csproj", "{3C349E56-4A15-41F7-B812-48FAB7FE2B3D}"
EndProject
Project("{9A19103F-16F7-4668-BE54-9A1E7A4F7556}") = "OMX.Infrastructure", "Infrastructure\OMX.Infrastructure\OMX.Infrastructure.csproj", "{51777D39-A4BE-4F56-ACB5-61F8DCE7CF62}"
EndProject
Project("{FAE04EC0-301F-11D3-BF4B-00C04F79EFBC}") = "OMX.API", "Presentation\OMX.API\OMX.API.csproj", "{6FCF01B6-3BE3-4C82-BFF3-12809F0CC13E}"
EndProject
Global
	GlobalSection(SolutionConfigurationPlatforms) = preSolution
		Debug|Any CPU = Debug|Any CPU
		Release|Any CPU = Release|Any CPU
	EndGlobalSection
	GlobalSection(ProjectConfigurationPlatforms) = postSolution
		{F0C9D113-2C57-4839-857C-93AC8B9C4133}.Debug|Any CPU.ActiveCfg = Debug|Any CPU
		{F0C9D113-2C57-4839-857C-93AC8B9C4133}.Debug|Any CPU.Build.0 = Debug|Any CPU
		{F0C9D113-2C57-4839-857C-93AC8B9C4133}.Release|Any CPU.ActiveCfg = Release|Any CPU
		{F0C9D113-2C57-4839-857C-93AC8B9C4133}.Release|Any CPU.Build.0 = Release|Any CPU
		{647AC3A2-F03F-4A0C-BC56-37E4065CC585}.Debug|Any CPU.ActiveCfg = Debug|Any CPU
		{647AC3A2-F03F-4A0C-BC56-37E4065CC585}.Debug|Any CPU.Build.0 = Debug|Any CPU
		{647AC3A2-F03F-4A0C-BC56-37E4065CC585}.Release|Any CPU.ActiveCfg = Release|Any CPU
		{647AC3A2-F03F-4A0C-BC56-37E4065CC585}.Release|Any CPU.Build.0 = Release|Any CPU
		{37C37702-7237-4BC1-B685-D275653520B1}.Debug|Any CPU.ActiveCfg = Debug|Any CPU
		{37C37702-7237-4BC1-B685-D275653520B1}.Debug|Any CPU.Build.0 = Debug|Any CPU
		{37C37702-7237-4BC1-B685-D275653520B1}.Release|Any CPU.ActiveCfg = Release|Any CPU
		{37C37702-7237-4BC1-B685-D275653520B1}.Release|Any CPU.Build.0 = Release|Any CPU
		{3C349E56-4A15-41F7-B812-48FAB7FE2B3D}.Debug|Any CPU.ActiveCfg = Debug|Any CPU
		{3C349E56-4A15-41F7-B812-48FAB7FE2B3D}.Debug|Any CPU.Build.0 = Debug|Any CPU
		{3C349E56-4A15-41F7-B812-48FAB7FE2B3D}.Release|Any CPU.ActiveCfg = Release|Any CPU
		{3C349E56-4A15-41F7-B812-48FAB7FE2B3D}.Release|Any CPU.Build.0 = Release|Any CPU
		{51777D39-A4BE-4F56-ACB5-61F8DCE7CF62}.Debug|Any CPU.ActiveCfg = Debug|Any CPU
		{51777D39-A4BE-4F56-ACB5-61F8DCE7CF62}.Debug|Any CPU.Build.0 = Debug|Any CPU
		{51777D39-A4BE-4F56-ACB5-61F8DCE7CF62}.Release|Any CPU.ActiveCfg = Release|Any CPU
		{51777D39-A4BE-4F56-ACB5-61F8DCE7CF62}.Release|Any CPU.Build.0 = Release|Any CPU
		{6FCF01B6-3BE3-4C82-BFF3-12809F0CC13E}.Debug|Any CPU.ActiveCfg = Debug|Any CPU
		{6FCF01B6-3BE3-4C82-BFF3-12809F0CC13E}.Debug|Any CPU.Build.0 = Debug|Any CPU
		{6FCF01B6-3BE3-4C82-BFF3-12809F0CC13E}.Release|Any CPU.ActiveCfg = Release|Any CPU
		{6FCF01B6-3BE3-4C82-BFF3-12809F0CC13E}.Release|Any CPU.Build.0 = Release|Any CPU
	EndGlobalSection
	GlobalSection(SolutionProperties) = preSolution
		HideSolutionNode = FALSE
	EndGlobalSection
	GlobalSection(NestedProjects) = preSolution
		{F0C9D113-2C57-4839-857C-93AC8B9C4133} = {556FA7A2-0E49-47ED-8158-9EBB0E994203}
		{647AC3A2-F03F-4A0C-BC56-37E4065CC585} = {556FA7A2-0E49-47ED-8158-9EBB0E994203}
		{37C37702-7237-4BC1-B685-D275653520B1} = {01195548-7F4E-4AF8-B4C5-D9882C54DF7F}
		{3C349E56-4A15-41F7-B812-48FAB7FE2B3D} = {82C55EA2-9DE9-447E-980E-3FC25B54B0BE}
		{51777D39-A4BE-4F56-ACB5-61F8DCE7CF62} = {01195548-7F4E-4AF8-B4C5-D9882C54DF7F}
		{6FCF01B6-3BE3-4C82-BFF3-12809F0CC13E} = {A2FCAD9F-DB4C-48FC-9C24-8A305BDA2310}
	EndGlobalSection
	GlobalSection(ExtensibilityGlobals) = postSolution
		SolutionGuid = {E42EF8D4-58F2-4007-A600-A0A1AAAF012F}
	EndGlobalSection
EndGlobal
