
Microsoft Visual Studio Solution File, Format Version 12.00
# Visual Studio 14
VisualStudioVersion = 14.0.23107.0
MinimumVisualStudioVersion = 10.0.40219.1
Project("{2150E333-8FDC-42A3-9474-1A3956D46DE8}") = "Data", "Data", "{231083B5-A720-4A17-B271-437F01E20AD7}"
EndProject
Project("{2150E333-8FDC-42A3-9474-1A3956D46DE8}") = "Common", "Common", "{78FBF664-2548-4DB4-A70C-D1FF17B4E05C}"
EndProject
Project("{2150E333-8FDC-42A3-9474-1A3956D46DE8}") = "Web", "Web", "{8A39780D-7983-46E1-83FC-1AEBE2B09AAD}"
EndProject
Project("{FAE04EC0-301F-11D3-BF4B-00C04F79EFBC}") = "OMX.Common", "OMX.Common\OMX.Common.csproj", "{41695524-04AB-4FC7-B6F4-1F499FEFBEC9}"
EndProject
Project("{FAE04EC0-301F-11D3-BF4B-00C04F79EFBC}") = "OMX.Data", "OMX.Data\OMX.Data.csproj", "{A1AFB2C4-5827-4510-B9F4-CB68D99BDBFC}"
EndProject
Project("{FAE04EC0-301F-11D3-BF4B-00C04F79EFBC}") = "OMX.Models", "OMX.Models\OMX.Models.csproj", "{F5E83516-2FB8-41A4-9605-3847A5E8E7AF}"
EndProject
Project("{FAE04EC0-301F-11D3-BF4B-00C04F79EFBC}") = "OMX.Contracts", "OMX.Contracts\OMX.Contracts.csproj", "{262371D1-C7F0-4C4A-A73B-B1EBD9026498}"
EndProject
Project("{FAE04EC0-301F-11D3-BF4B-00C04F79EFBC}") = "OMX.Web", "OMX.Web\OMX.Web.csproj", "{CA81DFF3-3D05-4DD8-80FF-D7B6AF194339}"
EndProject
Global
	GlobalSection(SolutionConfigurationPlatforms) = preSolution
		Debug|Any CPU = Debug|Any CPU
		Release|Any CPU = Release|Any CPU
	EndGlobalSection
	GlobalSection(ProjectConfigurationPlatforms) = postSolution
		{41695524-04AB-4FC7-B6F4-1F499FEFBEC9}.Debug|Any CPU.ActiveCfg = Debug|Any CPU
		{41695524-04AB-4FC7-B6F4-1F499FEFBEC9}.Debug|Any CPU.Build.0 = Debug|Any CPU
		{41695524-04AB-4FC7-B6F4-1F499FEFBEC9}.Release|Any CPU.ActiveCfg = Release|Any CPU
		{41695524-04AB-4FC7-B6F4-1F499FEFBEC9}.Release|Any CPU.Build.0 = Release|Any CPU
		{A1AFB2C4-5827-4510-B9F4-CB68D99BDBFC}.Debug|Any CPU.ActiveCfg = Debug|Any CPU
		{A1AFB2C4-5827-4510-B9F4-CB68D99BDBFC}.Debug|Any CPU.Build.0 = Debug|Any CPU
		{A1AFB2C4-5827-4510-B9F4-CB68D99BDBFC}.Release|Any CPU.ActiveCfg = Release|Any CPU
		{A1AFB2C4-5827-4510-B9F4-CB68D99BDBFC}.Release|Any CPU.Build.0 = Release|Any CPU
		{F5E83516-2FB8-41A4-9605-3847A5E8E7AF}.Debug|Any CPU.ActiveCfg = Debug|Any CPU
		{F5E83516-2FB8-41A4-9605-3847A5E8E7AF}.Debug|Any CPU.Build.0 = Debug|Any CPU
		{F5E83516-2FB8-41A4-9605-3847A5E8E7AF}.Release|Any CPU.ActiveCfg = Release|Any CPU
		{F5E83516-2FB8-41A4-9605-3847A5E8E7AF}.Release|Any CPU.Build.0 = Release|Any CPU
		{262371D1-C7F0-4C4A-A73B-B1EBD9026498}.Debug|Any CPU.ActiveCfg = Debug|Any CPU
		{262371D1-C7F0-4C4A-A73B-B1EBD9026498}.Debug|Any CPU.Build.0 = Debug|Any CPU
		{262371D1-C7F0-4C4A-A73B-B1EBD9026498}.Release|Any CPU.ActiveCfg = Release|Any CPU
		{262371D1-C7F0-4C4A-A73B-B1EBD9026498}.Release|Any CPU.Build.0 = Release|Any CPU
		{CA81DFF3-3D05-4DD8-80FF-D7B6AF194339}.Debug|Any CPU.ActiveCfg = Debug|Any CPU
		{CA81DFF3-3D05-4DD8-80FF-D7B6AF194339}.Debug|Any CPU.Build.0 = Debug|Any CPU
		{CA81DFF3-3D05-4DD8-80FF-D7B6AF194339}.Release|Any CPU.ActiveCfg = Release|Any CPU
		{CA81DFF3-3D05-4DD8-80FF-D7B6AF194339}.Release|Any CPU.Build.0 = Release|Any CPU
	EndGlobalSection
	GlobalSection(SolutionProperties) = preSolution
		HideSolutionNode = FALSE
	EndGlobalSection
	GlobalSection(NestedProjects) = preSolution
		{41695524-04AB-4FC7-B6F4-1F499FEFBEC9} = {78FBF664-2548-4DB4-A70C-D1FF17B4E05C}
		{A1AFB2C4-5827-4510-B9F4-CB68D99BDBFC} = {231083B5-A720-4A17-B271-437F01E20AD7}
		{F5E83516-2FB8-41A4-9605-3847A5E8E7AF} = {231083B5-A720-4A17-B271-437F01E20AD7}
		{262371D1-C7F0-4C4A-A73B-B1EBD9026498} = {231083B5-A720-4A17-B271-437F01E20AD7}
		{CA81DFF3-3D05-4DD8-80FF-D7B6AF194339} = {8A39780D-7983-46E1-83FC-1AEBE2B09AAD}
	EndGlobalSection
EndGlobal
